// !$*UTF8*$!
{
	archiveVersion = 1;
	classes = {
	};
	objectVersion = 50;
	objects = {

/* Begin PBXBuildFile section */
		611E4A562646A48E00C5C189 /* FiveDaysForecastVC.swift in Sources */ = {isa = PBXBuildFile; fileRef = 611E4A552646A48E00C5C189 /* FiveDaysForecastVC.swift */; };
		611E4A592646A4B100C5C189 /* FiveDayForecastCell.swift in Sources */ = {isa = PBXBuildFile; fileRef = 611E4A582646A4B100C5C189 /* FiveDayForecastCell.swift */; };
		61500F3026466FE300A9AF2A /* MetricImperialVC.swift in Sources */ = {isa = PBXBuildFile; fileRef = 61500F2F26466FE300A9AF2A /* MetricImperialVC.swift */; };
		6151B2A12645079400FCC98D /* AppDelegate.swift in Sources */ = {isa = PBXBuildFile; fileRef = 6151B2A02645079400FCC98D /* AppDelegate.swift */; };
		6151B2A32645079400FCC98D /* ViewController.swift in Sources */ = {isa = PBXBuildFile; fileRef = 6151B2A22645079400FCC98D /* ViewController.swift */; };
		6151B2A62645079400FCC98D /* Main.storyboard in Resources */ = {isa = PBXBuildFile; fileRef = 6151B2A42645079400FCC98D /* Main.storyboard */; };
		6151B2A82645079500FCC98D /* Assets.xcassets in Resources */ = {isa = PBXBuildFile; fileRef = 6151B2A72645079500FCC98D /* Assets.xcassets */; };
		6151B2AB2645079500FCC98D /* LaunchScreen.storyboard in Resources */ = {isa = PBXBuildFile; fileRef = 6151B2A92645079500FCC98D /* LaunchScreen.storyboard */; };
		6151B2B62645079500FCC98D /* SystemTestTests.swift in Sources */ = {isa = PBXBuildFile; fileRef = 6151B2B52645079500FCC98D /* SystemTestTests.swift */; };
		6151B2C12645079500FCC98D /* SystemTestUITests.swift in Sources */ = {isa = PBXBuildFile; fileRef = 6151B2C02645079500FCC98D /* SystemTestUITests.swift */; };
		6151B2D126450EE100FCC98D /* MapVC.swift in Sources */ = {isa = PBXBuildFile; fileRef = 6151B2D026450EE100FCC98D /* MapVC.swift */; };
		6151B2D42645109C00FCC98D /* Constants.swift in Sources */ = {isa = PBXBuildFile; fileRef = 6151B2D32645109C00FCC98D /* Constants.swift */; };
		6151B2D82645115A00FCC98D /* LocationCell.swift in Sources */ = {isa = PBXBuildFile; fileRef = 6151B2D72645115A00FCC98D /* LocationCell.swift */; };
		6151B2DB2645216300FCC98D /* LocationModel.swift in Sources */ = {isa = PBXBuildFile; fileRef = 6151B2DA2645216300FCC98D /* LocationModel.swift */; };
		6151B2E0264525AC00FCC98D /* CityVC.swift in Sources */ = {isa = PBXBuildFile; fileRef = 6151B2DF264525AC00FCC98D /* CityVC.swift */; };
		6151B30B2645271300FCC98D /* NetworkManagerVC.swift in Sources */ = {isa = PBXBuildFile; fileRef = 6151B30A2645271300FCC98D /* NetworkManagerVC.swift */; };
		6151B30D2645273600FCC98D /* CHRestError.swift in Sources */ = {isa = PBXBuildFile; fileRef = 6151B30C2645273500FCC98D /* CHRestError.swift */; };
		6151B3112645277F00FCC98D /* CityModel.swift in Sources */ = {isa = PBXBuildFile; fileRef = 6151B3102645277F00FCC98D /* CityModel.swift */; };
		6151B3132645278D00FCC98D /* CityVM.swift in Sources */ = {isa = PBXBuildFile; fileRef = 6151B3122645278D00FCC98D /* CityVM.swift */; };
		6151B31526452AC600FCC98D /* BaseViewController.swift in Sources */ = {isa = PBXBuildFile; fileRef = 6151B31426452AC500FCC98D /* BaseViewController.swift */; };
		6151B31C264552AC00FCC98D /* SWRevealViewController.m in Sources */ = {isa = PBXBuildFile; fileRef = 6151B31B264552AC00FCC98D /* SWRevealViewController.m */; };
		6151B3202645546F00FCC98D /* SettingsVC.swift in Sources */ = {isa = PBXBuildFile; fileRef = 6151B31F2645546F00FCC98D /* SettingsVC.swift */; };
		6151B32426455AB700FCC98D /* HelpVC.swift in Sources */ = {isa = PBXBuildFile; fileRef = 6151B32326455AB700FCC98D /* HelpVC.swift */; };
		6151B328264569CB00FCC98D /* WebKit.framework in Frameworks */ = {isa = PBXBuildFile; fileRef = 6151B327264569CA00FCC98D /* WebKit.framework */; };
/* End PBXBuildFile section */

/* Begin PBXContainerItemProxy section */
		6151B2B22645079500FCC98D /* PBXContainerItemProxy */ = {
			isa = PBXContainerItemProxy;
			containerPortal = 6151B2952645079400FCC98D /* Project object */;
			proxyType = 1;
			remoteGlobalIDString = 6151B29C2645079400FCC98D;
			remoteInfo = SystemTest;
		};
		6151B2BD2645079500FCC98D /* PBXContainerItemProxy */ = {
			isa = PBXContainerItemProxy;
			containerPortal = 6151B2952645079400FCC98D /* Project object */;
			proxyType = 1;
			remoteGlobalIDString = 6151B29C2645079400FCC98D;
			remoteInfo = SystemTest;
		};
/* End PBXContainerItemProxy section */

/* Begin PBXCopyFilesBuildPhase section */
		6151B31826452C1A00FCC98D /* Embed Frameworks */ = {
			isa = PBXCopyFilesBuildPhase;
			buildActionMask = 2147483647;
			dstPath = "";
			dstSubfolderSpec = 10;
			files = (
			);
			name = "Embed Frameworks";
			runOnlyForDeploymentPostprocessing = 0;
		};
/* End PBXCopyFilesBuildPhase section */

/* Begin PBXFileReference section */
		611E4A4E264688FA00C5C189 /* SysTest-Bridging-Header.h */ = {isa = PBXFileReference; fileEncoding = 4; lastKnownFileType = sourcecode.c.h; path = "SysTest-Bridging-Header.h"; sourceTree = "<group>"; };
		611E4A552646A48E00C5C189 /* FiveDaysForecastVC.swift */ = {isa = PBXFileReference; lastKnownFileType = sourcecode.swift; path = FiveDaysForecastVC.swift; sourceTree = "<group>"; };
		611E4A582646A4B100C5C189 /* FiveDayForecastCell.swift */ = {isa = PBXFileReference; lastKnownFileType = sourcecode.swift; path = FiveDayForecastCell.swift; sourceTree = "<group>"; };
		61500F2F26466FE300A9AF2A /* MetricImperialVC.swift */ = {isa = PBXFileReference; lastKnownFileType = sourcecode.swift; path = MetricImperialVC.swift; sourceTree = "<group>"; };
		6151B29D2645079400FCC98D /* SystemTest.app */ = {isa = PBXFileReference; explicitFileType = wrapper.application; includeInIndex = 0; path = SystemTest.app; sourceTree = BUILT_PRODUCTS_DIR; };
		6151B2A02645079400FCC98D /* AppDelegate.swift */ = {isa = PBXFileReference; lastKnownFileType = sourcecode.swift; path = AppDelegate.swift; sourceTree = "<group>"; };
		6151B2A22645079400FCC98D /* ViewController.swift */ = {isa = PBXFileReference; lastKnownFileType = sourcecode.swift; path = ViewController.swift; sourceTree = "<group>"; };
		6151B2A52645079400FCC98D /* Base */ = {isa = PBXFileReference; lastKnownFileType = file.storyboard; name = Base; path = Base.lproj/Main.storyboard; sourceTree = "<group>"; };
		6151B2A72645079500FCC98D /* Assets.xcassets */ = {isa = PBXFileReference; lastKnownFileType = folder.assetcatalog; path = Assets.xcassets; sourceTree = "<group>"; };
		6151B2AA2645079500FCC98D /* Base */ = {isa = PBXFileReference; lastKnownFileType = file.storyboard; name = Base; path = Base.lproj/LaunchScreen.storyboard; sourceTree = "<group>"; };
		6151B2AC2645079500FCC98D /* Info.plist */ = {isa = PBXFileReference; lastKnownFileType = text.plist.xml; path = Info.plist; sourceTree = "<group>"; };
		6151B2B12645079500FCC98D /* SystemTestTests.xctest */ = {isa = PBXFileReference; explicitFileType = wrapper.cfbundle; includeInIndex = 0; path = SystemTestTests.xctest; sourceTree = BUILT_PRODUCTS_DIR; };
		6151B2B52645079500FCC98D /* SystemTestTests.swift */ = {isa = PBXFileReference; lastKnownFileType = sourcecode.swift; path = SystemTestTests.swift; sourceTree = "<group>"; };
		6151B2B72645079500FCC98D /* Info.plist */ = {isa = PBXFileReference; lastKnownFileType = text.plist.xml; path = Info.plist; sourceTree = "<group>"; };
		6151B2BC2645079500FCC98D /* SystemTestUITests.xctest */ = {isa = PBXFileReference; explicitFileType = wrapper.cfbundle; includeInIndex = 0; path = SystemTestUITests.xctest; sourceTree = BUILT_PRODUCTS_DIR; };
		6151B2C02645079500FCC98D /* SystemTestUITests.swift */ = {isa = PBXFileReference; lastKnownFileType = sourcecode.swift; path = SystemTestUITests.swift; sourceTree = "<group>"; };
		6151B2C22645079500FCC98D /* Info.plist */ = {isa = PBXFileReference; lastKnownFileType = text.plist.xml; path = Info.plist; sourceTree = "<group>"; };
		6151B2D026450EE100FCC98D /* MapVC.swift */ = {isa = PBXFileReference; lastKnownFileType = sourcecode.swift; path = MapVC.swift; sourceTree = "<group>"; };
		6151B2D32645109C00FCC98D /* Constants.swift */ = {isa = PBXFileReference; lastKnownFileType = sourcecode.swift; path = Constants.swift; sourceTree = "<group>"; };
		6151B2D72645115A00FCC98D /* LocationCell.swift */ = {isa = PBXFileReference; lastKnownFileType = sourcecode.swift; path = LocationCell.swift; sourceTree = "<group>"; };
		6151B2DA2645216300FCC98D /* LocationModel.swift */ = {isa = PBXFileReference; lastKnownFileType = sourcecode.swift; path = LocationModel.swift; sourceTree = "<group>"; };
		6151B2DF264525AC00FCC98D /* CityVC.swift */ = {isa = PBXFileReference; lastKnownFileType = sourcecode.swift; path = CityVC.swift; sourceTree = "<group>"; };
		6151B30A2645271300FCC98D /* NetworkManagerVC.swift */ = {isa = PBXFileReference; fileEncoding = 4; lastKnownFileType = sourcecode.swift; path = NetworkManagerVC.swift; sourceTree = "<group>"; };
		6151B30C2645273500FCC98D /* CHRestError.swift */ = {isa = PBXFileReference; fileEncoding = 4; lastKnownFileType = sourcecode.swift; path = CHRestError.swift; sourceTree = "<group>"; };
		6151B3102645277F00FCC98D /* CityModel.swift */ = {isa = PBXFileReference; lastKnownFileType = sourcecode.swift; path = CityModel.swift; sourceTree = "<group>"; };
		6151B3122645278D00FCC98D /* CityVM.swift */ = {isa = PBXFileReference; lastKnownFileType = sourcecode.swift; path = CityVM.swift; sourceTree = "<group>"; };
		6151B31426452AC500FCC98D /* BaseViewController.swift */ = {isa = PBXFileReference; fileEncoding = 4; lastKnownFileType = sourcecode.swift; path = BaseViewController.swift; sourceTree = "<group>"; };
		6151B31A264552AC00FCC98D /* SWRevealViewController.h */ = {isa = PBXFileReference; fileEncoding = 4; lastKnownFileType = sourcecode.c.h; path = SWRevealViewController.h; sourceTree = "<group>"; };
		6151B31B264552AC00FCC98D /* SWRevealViewController.m */ = {isa = PBXFileReference; fileEncoding = 4; lastKnownFileType = sourcecode.c.objc; path = SWRevealViewController.m; sourceTree = "<group>"; };
		6151B31F2645546F00FCC98D /* SettingsVC.swift */ = {isa = PBXFileReference; lastKnownFileType = sourcecode.swift; path = SettingsVC.swift; sourceTree = "<group>"; };
		6151B32326455AB700FCC98D /* HelpVC.swift */ = {isa = PBXFileReference; lastKnownFileType = sourcecode.swift; path = HelpVC.swift; sourceTree = "<group>"; };
		6151B327264569CA00FCC98D /* WebKit.framework */ = {isa = PBXFileReference; lastKnownFileType = wrapper.framework; name = WebKit.framework; path = System/Library/Frameworks/WebKit.framework; sourceTree = SDKROOT; };
/* End PBXFileReference section */

/* Begin PBXFrameworksBuildPhase section */
		6151B29A2645079400FCC98D /* Frameworks */ = {
			isa = PBXFrameworksBuildPhase;
			buildActionMask = 2147483647;
			files = (
				6151B328264569CB00FCC98D /* WebKit.framework in Frameworks */,
			);
			runOnlyForDeploymentPostprocessing = 0;
		};
		6151B2AE2645079500FCC98D /* Frameworks */ = {
			isa = PBXFrameworksBuildPhase;
			buildActionMask = 2147483647;
			files = (
			);
			runOnlyForDeploymentPostprocessing = 0;
		};
		6151B2B92645079500FCC98D /* Frameworks */ = {
			isa = PBXFrameworksBuildPhase;
			buildActionMask = 2147483647;
			files = (
			);
			runOnlyForDeploymentPostprocessing = 0;
		};
/* End PBXFrameworksBuildPhase section */

/* Begin PBXGroup section */
		611E4A502646A43B00C5C189 /* 5DaysForeCastVC */ = {
			isa = PBXGroup;
			children = (
				611E4A542646A47500C5C189 /* Controller */,
				611E4A532646A46D00C5C189 /* ViewModel */,
				611E4A522646A46500C5C189 /* Model */,
				611E4A512646A45E00C5C189 /* View */,
			);
			path = 5DaysForeCastVC;
			sourceTree = "<group>";
		};
		611E4A512646A45E00C5C189 /* View */ = {
			isa = PBXGroup;
			children = (
				611E4A572646A49800C5C189 /* Cell */,
			);
			path = View;
			sourceTree = "<group>";
		};
		611E4A522646A46500C5C189 /* Model */ = {
			isa = PBXGroup;
			children = (
			);
			path = Model;
			sourceTree = "<group>";
		};
		611E4A532646A46D00C5C189 /* ViewModel */ = {
			isa = PBXGroup;
			children = (
			);
			path = ViewModel;
			sourceTree = "<group>";
		};
		611E4A542646A47500C5C189 /* Controller */ = {
			isa = PBXGroup;
			children = (
				611E4A552646A48E00C5C189 /* FiveDaysForecastVC.swift */,
			);
			path = Controller;
			sourceTree = "<group>";
		};
		611E4A572646A49800C5C189 /* Cell */ = {
			isa = PBXGroup;
			children = (
				611E4A582646A4B100C5C189 /* FiveDayForecastCell.swift */,
			);
			path = Cell;
			sourceTree = "<group>";
		};
		61500F1E26466EE600A9AF2A /* MetricImperialVC */ = {
			isa = PBXGroup;
			children = (
				61500F2226466F4500A9AF2A /* ViewModel */,
				61500F2126466F4000A9AF2A /* View */,
				61500F2026466F3B00A9AF2A /* Model */,
				61500F1F26466F0E00A9AF2A /* Controller */,
			);
			path = MetricImperialVC;
			sourceTree = "<group>";
		};
		61500F1F26466F0E00A9AF2A /* Controller */ = {
			isa = PBXGroup;
			children = (
				61500F2F26466FE300A9AF2A /* MetricImperialVC.swift */,
			);
			path = Controller;
			sourceTree = "<group>";
		};
		61500F2026466F3B00A9AF2A /* Model */ = {
			isa = PBXGroup;
			children = (
			);
			path = Model;
			sourceTree = "<group>";
		};
		61500F2126466F4000A9AF2A /* View */ = {
			isa = PBXGroup;
			children = (
			);
			path = View;
			sourceTree = "<group>";
		};
		61500F2226466F4500A9AF2A /* ViewModel */ = {
			isa = PBXGroup;
			children = (
			);
			path = ViewModel;
			sourceTree = "<group>";
		};
		61500F2326466F5000A9AF2A /* Model */ = {
			isa = PBXGroup;
			children = (
			);
			path = Model;
			sourceTree = "<group>";
		};
		61500F2426466F5700A9AF2A /* View */ = {
			isa = PBXGroup;
			children = (
			);
			path = View;
			sourceTree = "<group>";
		};
		61500F2526466F5D00A9AF2A /* ViewModel */ = {
			isa = PBXGroup;
			children = (
			);
			path = ViewModel;
			sourceTree = "<group>";
		};
		61500F2626466F6700A9AF2A /* ViewModel */ = {
			isa = PBXGroup;
			children = (
			);
			path = ViewModel;
			sourceTree = "<group>";
		};
		61500F2726466F7900A9AF2A /* View */ = {
			isa = PBXGroup;
			children = (
			);
			path = View;
			sourceTree = "<group>";
		};
		61500F2826466F8500A9AF2A /* View */ = {
			isa = PBXGroup;
			children = (
			);
			path = View;
			sourceTree = "<group>";
		};
		61500F2926466F8C00A9AF2A /* Model */ = {
			isa = PBXGroup;
			children = (
			);
			path = Model;
			sourceTree = "<group>";
		};
		61500F2A26466F9400A9AF2A /* View */ = {
			isa = PBXGroup;
			children = (
			);
			path = View;
			sourceTree = "<group>";
		};
		61500F2B26466F9B00A9AF2A /* ViewModel */ = {
			isa = PBXGroup;
			children = (
			);
			path = ViewModel;
			sourceTree = "<group>";
		};
		61500F2C26466FA700A9AF2A /* Model */ = {
			isa = PBXGroup;
			children = (
			);
			path = Model;
			sourceTree = "<group>";
		};
		61500F2D26466FAE00A9AF2A /* View */ = {
			isa = PBXGroup;
			children = (
			);
			path = View;
			sourceTree = "<group>";
		};
		61500F2E26466FB400A9AF2A /* ViewModel */ = {
			isa = PBXGroup;
			children = (
			);
			path = ViewModel;
			sourceTree = "<group>";
		};
		6151B2942645079400FCC98D = {
			isa = PBXGroup;
			children = (
				6151B29F2645079400FCC98D /* SystemTest */,
				6151B2B42645079500FCC98D /* SystemTestTests */,
				6151B2BF2645079500FCC98D /* SystemTestUITests */,
				6151B29E2645079400FCC98D /* Products */,
				6151B326264569CA00FCC98D /* Frameworks */,
			);
			sourceTree = "<group>";
		};
		6151B29E2645079400FCC98D /* Products */ = {
			isa = PBXGroup;
			children = (
				6151B29D2645079400FCC98D /* SystemTest.app */,
				6151B2B12645079500FCC98D /* SystemTestTests.xctest */,
				6151B2BC2645079500FCC98D /* SystemTestUITests.xctest */,
			);
			name = Products;
			sourceTree = "<group>";
		};
		6151B29F2645079400FCC98D /* SystemTest */ = {
			isa = PBXGroup;
			children = (
				6151B32526455B9E00FCC98D /* ViewControllers */,
				6151B319264552AC00FCC98D /* SWRevealViewController */,
				6151B309264526F700FCC98D /* NetWorkManager */,
				6151B2A02645079400FCC98D /* AppDelegate.swift */,
				6151B2A22645079400FCC98D /* ViewController.swift */,
				611E4A4E264688FA00C5C189 /* SysTest-Bridging-Header.h */,
				6151B2D32645109C00FCC98D /* Constants.swift */,
				6151B31426452AC500FCC98D /* BaseViewController.swift */,
				6151B2A42645079400FCC98D /* Main.storyboard */,
				6151B2A72645079500FCC98D /* Assets.xcassets */,
				6151B2A92645079500FCC98D /* LaunchScreen.storyboard */,
				6151B2AC2645079500FCC98D /* Info.plist */,
			);
			path = SystemTest;
			sourceTree = "<group>";
		};
		6151B2B42645079500FCC98D /* SystemTestTests */ = {
			isa = PBXGroup;
			children = (
				6151B2B52645079500FCC98D /* SystemTestTests.swift */,
				6151B2B72645079500FCC98D /* Info.plist */,
			);
			path = SystemTestTests;
			sourceTree = "<group>";
		};
		6151B2BF2645079500FCC98D /* SystemTestUITests */ = {
			isa = PBXGroup;
			children = (
				6151B2C02645079500FCC98D /* SystemTestUITests.swift */,
				6151B2C22645079500FCC98D /* Info.plist */,
			);
			path = SystemTestUITests;
			sourceTree = "<group>";
		};
		6151B2CE26450EC300FCC98D /* MapVC */ = {
			isa = PBXGroup;
			children = (
				61500F2526466F5D00A9AF2A /* ViewModel */,
				61500F2426466F5700A9AF2A /* View */,
				61500F2326466F5000A9AF2A /* Model */,
				6151B2CF26450ECC00FCC98D /* Controller */,
			);
			path = MapVC;
			sourceTree = "<group>";
		};
		6151B2CF26450ECC00FCC98D /* Controller */ = {
			isa = PBXGroup;
			children = (
				6151B2D026450EE100FCC98D /* MapVC.swift */,
			);
			path = Controller;
			sourceTree = "<group>";
		};
		6151B2D5264510E000FCC98D /* LocationsVC */ = {
			isa = PBXGroup;
			children = (
				61500F2726466F7900A9AF2A /* View */,
				61500F2626466F6700A9AF2A /* ViewModel */,
				6151B2D92645215100FCC98D /* Model */,
				6151B2D6264510EB00FCC98D /* Cell */,
			);
			path = LocationsVC;
			sourceTree = "<group>";
		};
		6151B2D6264510EB00FCC98D /* Cell */ = {
			isa = PBXGroup;
			children = (
				6151B2D72645115A00FCC98D /* LocationCell.swift */,
			);
			path = Cell;
			sourceTree = "<group>";
		};
		6151B2D92645215100FCC98D /* Model */ = {
			isa = PBXGroup;
			children = (
				6151B2DA2645216300FCC98D /* LocationModel.swift */,
			);
			path = Model;
			sourceTree = "<group>";
		};
		6151B2DD2645258A00FCC98D /* CityVC */ = {
			isa = PBXGroup;
			children = (
				61500F2826466F8500A9AF2A /* View */,
				6151B30F2645276700FCC98D /* ViewModel */,
				6151B30E2645275E00FCC98D /* Model */,
				6151B2DE2645259600FCC98D /* Controller */,
			);
			path = CityVC;
			sourceTree = "<group>";
		};
		6151B2DE2645259600FCC98D /* Controller */ = {
			isa = PBXGroup;
			children = (
				6151B2DF264525AC00FCC98D /* CityVC.swift */,
			);
			path = Controller;
			sourceTree = "<group>";
		};
		6151B309264526F700FCC98D /* NetWorkManager */ = {
			isa = PBXGroup;
			children = (
				6151B30C2645273500FCC98D /* CHRestError.swift */,
				6151B30A2645271300FCC98D /* NetworkManagerVC.swift */,
			);
			path = NetWorkManager;
			sourceTree = "<group>";
		};
		6151B30E2645275E00FCC98D /* Model */ = {
			isa = PBXGroup;
			children = (
				6151B3102645277F00FCC98D /* CityModel.swift */,
			);
			path = Model;
			sourceTree = "<group>";
		};
		6151B30F2645276700FCC98D /* ViewModel */ = {
			isa = PBXGroup;
			children = (
				6151B3122645278D00FCC98D /* CityVM.swift */,
			);
			path = ViewModel;
			sourceTree = "<group>";
		};
		6151B319264552AC00FCC98D /* SWRevealViewController */ = {
			isa = PBXGroup;
			children = (
				6151B31A264552AC00FCC98D /* SWRevealViewController.h */,
				6151B31B264552AC00FCC98D /* SWRevealViewController.m */,
			);
			path = SWRevealViewController;
			sourceTree = "<group>";
		};
		6151B31D2645543E00FCC98D /* SettingsVC */ = {
			isa = PBXGroup;
			children = (
				61500F2B26466F9B00A9AF2A /* ViewModel */,
				61500F2A26466F9400A9AF2A /* View */,
				61500F2926466F8C00A9AF2A /* Model */,
				6151B31E2645545500FCC98D /* Controller */,
			);
			path = SettingsVC;
			sourceTree = "<group>";
		};
		6151B31E2645545500FCC98D /* Controller */ = {
			isa = PBXGroup;
			children = (
				6151B31F2645546F00FCC98D /* SettingsVC.swift */,
			);
			path = Controller;
			sourceTree = "<group>";
		};
		6151B32126455A8300FCC98D /* HelpVC */ = {
			isa = PBXGroup;
			children = (
				61500F2E26466FB400A9AF2A /* ViewModel */,
				61500F2D26466FAE00A9AF2A /* View */,
				61500F2C26466FA700A9AF2A /* Model */,
				6151B32226455A9400FCC98D /* Controller */,
			);
			path = HelpVC;
			sourceTree = "<group>";
		};
		6151B32226455A9400FCC98D /* Controller */ = {
			isa = PBXGroup;
			children = (
				6151B32326455AB700FCC98D /* HelpVC.swift */,
			);
			path = Controller;
			sourceTree = "<group>";
		};
		6151B32526455B9E00FCC98D /* ViewControllers */ = {
			isa = PBXGroup;
			children = (
				611E4A502646A43B00C5C189 /* 5DaysForeCastVC */,
				61500F1E26466EE600A9AF2A /* MetricImperialVC */,
				6151B2CE26450EC300FCC98D /* MapVC */,
				6151B2D5264510E000FCC98D /* LocationsVC */,
				6151B2DD2645258A00FCC98D /* CityVC */,
				6151B31D2645543E00FCC98D /* SettingsVC */,
				6151B32126455A8300FCC98D /* HelpVC */,
			);
			path = ViewControllers;
			sourceTree = "<group>";
		};
		6151B326264569CA00FCC98D /* Frameworks */ = {
			isa = PBXGroup;
			children = (
				6151B327264569CA00FCC98D /* WebKit.framework */,
			);
			name = Frameworks;
			sourceTree = "<group>";
		};
/* End PBXGroup section */

/* Begin PBXNativeTarget section */
		6151B29C2645079400FCC98D /* SystemTest */ = {
			isa = PBXNativeTarget;
			buildConfigurationList = 6151B2C52645079500FCC98D /* Build configuration list for PBXNativeTarget "SystemTest" */;
			buildPhases = (
				6151B2992645079400FCC98D /* Sources */,
				6151B29A2645079400FCC98D /* Frameworks */,
				6151B29B2645079400FCC98D /* Resources */,
				6151B31826452C1A00FCC98D /* Embed Frameworks */,
			);
			buildRules = (
			);
			dependencies = (
			);
			name = SystemTest;
			productName = SystemTest;
			productReference = 6151B29D2645079400FCC98D /* SystemTest.app */;
			productType = "com.apple.product-type.application";
		};
		6151B2B02645079500FCC98D /* SystemTestTests */ = {
			isa = PBXNativeTarget;
			buildConfigurationList = 6151B2C82645079500FCC98D /* Build configuration list for PBXNativeTarget "SystemTestTests" */;
			buildPhases = (
				6151B2AD2645079500FCC98D /* Sources */,
				6151B2AE2645079500FCC98D /* Frameworks */,
				6151B2AF2645079500FCC98D /* Resources */,
			);
			buildRules = (
			);
			dependencies = (
				6151B2B32645079500FCC98D /* PBXTargetDependency */,
			);
			name = SystemTestTests;
			productName = SystemTestTests;
			productReference = 6151B2B12645079500FCC98D /* SystemTestTests.xctest */;
			productType = "com.apple.product-type.bundle.unit-test";
		};
		6151B2BB2645079500FCC98D /* SystemTestUITests */ = {
			isa = PBXNativeTarget;
			buildConfigurationList = 6151B2CB2645079500FCC98D /* Build configuration list for PBXNativeTarget "SystemTestUITests" */;
			buildPhases = (
				6151B2B82645079500FCC98D /* Sources */,
				6151B2B92645079500FCC98D /* Frameworks */,
				6151B2BA2645079500FCC98D /* Resources */,
			);
			buildRules = (
			);
			dependencies = (
				6151B2BE2645079500FCC98D /* PBXTargetDependency */,
			);
			name = SystemTestUITests;
			productName = SystemTestUITests;
			productReference = 6151B2BC2645079500FCC98D /* SystemTestUITests.xctest */;
			productType = "com.apple.product-type.bundle.ui-testing";
		};
/* End PBXNativeTarget section */

/* Begin PBXProject section */
		6151B2952645079400FCC98D /* Project object */ = {
			isa = PBXProject;
			attributes = {
				LastSwiftUpdateCheck = 1020;
				LastUpgradeCheck = 1020;
				ORGANIZATIONNAME = tummaa1;
				TargetAttributes = {
					6151B29C2645079400FCC98D = {
						CreatedOnToolsVersion = 10.2.1;
					};
					6151B2B02645079500FCC98D = {
						CreatedOnToolsVersion = 10.2.1;
						TestTargetID = 6151B29C2645079400FCC98D;
					};
					6151B2BB2645079500FCC98D = {
						CreatedOnToolsVersion = 10.2.1;
						TestTargetID = 6151B29C2645079400FCC98D;
					};
				};
			};
			buildConfigurationList = 6151B2982645079400FCC98D /* Build configuration list for PBXProject "SystemTest" */;
			compatibilityVersion = "Xcode 9.3";
			developmentRegion = en;
			hasScannedForEncodings = 0;
			knownRegions = (
				en,
				Base,
			);
			mainGroup = 6151B2942645079400FCC98D;
			productRefGroup = 6151B29E2645079400FCC98D /* Products */;
			projectDirPath = "";
			projectRoot = "";
			targets = (
				6151B29C2645079400FCC98D /* SystemTest */,
				6151B2B02645079500FCC98D /* SystemTestTests */,
				6151B2BB2645079500FCC98D /* SystemTestUITests */,
			);
		};
/* End PBXProject section */

/* Begin PBXResourcesBuildPhase section */
		6151B29B2645079400FCC98D /* Resources */ = {
			isa = PBXResourcesBuildPhase;
			buildActionMask = 2147483647;
			files = (
				6151B2AB2645079500FCC98D /* LaunchScreen.storyboard in Resources */,
				6151B2A82645079500FCC98D /* Assets.xcassets in Resources */,
				6151B2A62645079400FCC98D /* Main.storyboard in Resources */,
			);
			runOnlyForDeploymentPostprocessing = 0;
		};
		6151B2AF2645079500FCC98D /* Resources */ = {
			isa = PBXResourcesBuildPhase;
			buildActionMask = 2147483647;
			files = (
			);
			runOnlyForDeploymentPostprocessing = 0;
		};
		6151B2BA2645079500FCC98D /* Resources */ = {
			isa = PBXResourcesBuildPhase;
			buildActionMask = 2147483647;
			files = (
			);
			runOnlyForDeploymentPostprocessing = 0;
		};
/* End PBXResourcesBuildPhase section */

/* Begin PBXSourcesBuildPhase section */
		6151B2992645079400FCC98D /* Sources */ = {
			isa = PBXSourcesBuildPhase;
			buildActionMask = 2147483647;
			files = (
				6151B3112645277F00FCC98D /* CityModel.swift in Sources */,
				6151B32426455AB700FCC98D /* HelpVC.swift in Sources */,
				6151B2A32645079400FCC98D /* ViewController.swift in Sources */,
				6151B2D82645115A00FCC98D /* LocationCell.swift in Sources */,
				6151B2D126450EE100FCC98D /* MapVC.swift in Sources */,
				6151B2A12645079400FCC98D /* AppDelegate.swift in Sources */,
				611E4A562646A48E00C5C189 /* FiveDaysForecastVC.swift in Sources */,
				6151B31C264552AC00FCC98D /* SWRevealViewController.m in Sources */,
				6151B3202645546F00FCC98D /* SettingsVC.swift in Sources */,
				611E4A592646A4B100C5C189 /* FiveDayForecastCell.swift in Sources */,
				6151B30B2645271300FCC98D /* NetworkManagerVC.swift in Sources */,
				6151B2E0264525AC00FCC98D /* CityVC.swift in Sources */,
				6151B3132645278D00FCC98D /* CityVM.swift in Sources */,
				6151B30D2645273600FCC98D /* CHRestError.swift in Sources */,
				6151B2DB2645216300FCC98D /* LocationModel.swift in Sources */,
				61500F3026466FE300A9AF2A /* MetricImperialVC.swift in Sources */,
				6151B2D42645109C00FCC98D /* Constants.swift in Sources */,
				6151B31526452AC600FCC98D /* BaseViewController.swift in Sources */,
			);
			runOnlyForDeploymentPostprocessing = 0;
		};
		6151B2AD2645079500FCC98D /* Sources */ = {
			isa = PBXSourcesBuildPhase;
			buildActionMask = 2147483647;
			files = (
				6151B2B62645079500FCC98D /* SystemTestTests.swift in Sources */,
			);
			runOnlyForDeploymentPostprocessing = 0;
		};
		6151B2B82645079500FCC98D /* Sources */ = {
			isa = PBXSourcesBuildPhase;
			buildActionMask = 2147483647;
			files = (
				6151B2C12645079500FCC98D /* SystemTestUITests.swift in Sources */,
			);
			runOnlyForDeploymentPostprocessing = 0;
		};
/* End PBXSourcesBuildPhase section */

/* Begin PBXTargetDependency section */
		6151B2B32645079500FCC98D /* PBXTargetDependency */ = {
			isa = PBXTargetDependency;
			target = 6151B29C2645079400FCC98D /* SystemTest */;
			targetProxy = 6151B2B22645079500FCC98D /* PBXContainerItemProxy */;
		};
		6151B2BE2645079500FCC98D /* PBXTargetDependency */ = {
			isa = PBXTargetDependency;
			target = 6151B29C2645079400FCC98D /* SystemTest */;
			targetProxy = 6151B2BD2645079500FCC98D /* PBXContainerItemProxy */;
		};
/* End PBXTargetDependency section */

/* Begin PBXVariantGroup section */
		6151B2A42645079400FCC98D /* Main.storyboard */ = {
			isa = PBXVariantGroup;
			children = (
				6151B2A52645079400FCC98D /* Base */,
			);
			name = Main.storyboard;
			sourceTree = "<group>";
		};
		6151B2A92645079500FCC98D /* LaunchScreen.storyboard */ = {
			isa = PBXVariantGroup;
			children = (
				6151B2AA2645079500FCC98D /* Base */,
			);
			name = LaunchScreen.storyboard;
			sourceTree = "<group>";
		};
/* End PBXVariantGroup section */

/* Begin XCBuildConfiguration section */
		6151B2C32645079500FCC98D /* Debug */ = {
			isa = XCBuildConfiguration;
			buildSettings = {
				ALWAYS_SEARCH_USER_PATHS = NO;
				CLANG_ANALYZER_NONNULL = YES;
				CLANG_ANALYZER_NUMBER_OBJECT_CONVERSION = YES_AGGRESSIVE;
				CLANG_CXX_LANGUAGE_STANDARD = "gnu++14";
				CLANG_CXX_LIBRARY = "libc++";
				CLANG_ENABLE_MODULES = YES;
				CLANG_ENABLE_OBJC_ARC = YES;
				CLANG_ENABLE_OBJC_WEAK = YES;
				CLANG_WARN_BLOCK_CAPTURE_AUTORELEASING = YES;
				CLANG_WARN_BOOL_CONVERSION = YES;
				CLANG_WARN_COMMA = YES;
				CLANG_WARN_CONSTANT_CONVERSION = YES;
				CLANG_WARN_DEPRECATED_OBJC_IMPLEMENTATIONS = YES;
				CLANG_WARN_DIRECT_OBJC_ISA_USAGE = YES_ERROR;
				CLANG_WARN_DOCUMENTATION_COMMENTS = YES;
				CLANG_WARN_EMPTY_BODY = YES;
				CLANG_WARN_ENUM_CONVERSION = YES;
				CLANG_WARN_INFINITE_RECURSION = YES;
				CLANG_WARN_INT_CONVERSION = YES;
				CLANG_WARN_NON_LITERAL_NULL_CONVERSION = YES;
				CLANG_WARN_OBJC_IMPLICIT_RETAIN_SELF = YES;
				CLANG_WARN_OBJC_LITERAL_CONVERSION = YES;
				CLANG_WARN_OBJC_ROOT_CLASS = YES_ERROR;
				CLANG_WARN_RANGE_LOOP_ANALYSIS = YES;
				CLANG_WARN_STRICT_PROTOTYPES = YES;
				CLANG_WARN_SUSPICIOUS_MOVE = YES;
				CLANG_WARN_UNGUARDED_AVAILABILITY = YES_AGGRESSIVE;
				CLANG_WARN_UNREACHABLE_CODE = YES;
				CLANG_WARN__DUPLICATE_METHOD_MATCH = YES;
				CODE_SIGN_IDENTITY = "iPhone Developer";
				COPY_PHASE_STRIP = NO;
				DEBUG_INFORMATION_FORMAT = dwarf;
				ENABLE_STRICT_OBJC_MSGSEND = YES;
				ENABLE_TESTABILITY = YES;
				GCC_C_LANGUAGE_STANDARD = gnu11;
				GCC_DYNAMIC_NO_PIC = NO;
				GCC_NO_COMMON_BLOCKS = YES;
				GCC_OPTIMIZATION_LEVEL = 0;
				GCC_PREPROCESSOR_DEFINITIONS = (
					"DEBUG=1",
					"$(inherited)",
				);
				GCC_WARN_64_TO_32_BIT_CONVERSION = YES;
				GCC_WARN_ABOUT_RETURN_TYPE = YES_ERROR;
				GCC_WARN_UNDECLARED_SELECTOR = YES;
				GCC_WARN_UNINITIALIZED_AUTOS = YES_AGGRESSIVE;
				GCC_WARN_UNUSED_FUNCTION = YES;
				GCC_WARN_UNUSED_VARIABLE = YES;
				IPHONEOS_DEPLOYMENT_TARGET = 11.0;
				MTL_ENABLE_DEBUG_INFO = INCLUDE_SOURCE;
				MTL_FAST_MATH = YES;
				ONLY_ACTIVE_ARCH = YES;
				SDKROOT = iphoneos;
				SWIFT_ACTIVE_COMPILATION_CONDITIONS = DEBUG;
				SWIFT_OPTIMIZATION_LEVEL = "-Onone";
			};
			name = Debug;
		};
		6151B2C42645079500FCC98D /* Release */ = {
			isa = XCBuildConfiguration;
			buildSettings = {
				ALWAYS_SEARCH_USER_PATHS = NO;
				CLANG_ANALYZER_NONNULL = YES;
				CLANG_ANALYZER_NUMBER_OBJECT_CONVERSION = YES_AGGRESSIVE;
				CLANG_CXX_LANGUAGE_STANDARD = "gnu++14";
				CLANG_CXX_LIBRARY = "libc++";
				CLANG_ENABLE_MODULES = YES;
				CLANG_ENABLE_OBJC_ARC = YES;
				CLANG_ENABLE_OBJC_WEAK = YES;
				CLANG_WARN_BLOCK_CAPTURE_AUTORELEASING = YES;
				CLANG_WARN_BOOL_CONVERSION = YES;
				CLANG_WARN_COMMA = YES;
				CLANG_WARN_CONSTANT_CONVERSION = YES;
				CLANG_WARN_DEPRECATED_OBJC_IMPLEMENTATIONS = YES;
				CLANG_WARN_DIRECT_OBJC_ISA_USAGE = YES_ERROR;
				CLANG_WARN_DOCUMENTATION_COMMENTS = YES;
				CLANG_WARN_EMPTY_BODY = YES;
				CLANG_WARN_ENUM_CONVERSION = YES;
				CLANG_WARN_INFINITE_RECURSION = YES;
				CLANG_WARN_INT_CONVERSION = YES;
				CLANG_WARN_NON_LITERAL_NULL_CONVERSION = YES;
				CLANG_WARN_OBJC_IMPLICIT_RETAIN_SELF = YES;
				CLANG_WARN_OBJC_LITERAL_CONVERSION = YES;
				CLANG_WARN_OBJC_ROOT_CLASS = YES_ERROR;
				CLANG_WARN_RANGE_LOOP_ANALYSIS = YES;
				CLANG_WARN_STRICT_PROTOTYPES = YES;
				CLANG_WARN_SUSPICIOUS_MOVE = YES;
				CLANG_WARN_UNGUARDED_AVAILABILITY = YES_AGGRESSIVE;
				CLANG_WARN_UNREACHABLE_CODE = YES;
				CLANG_WARN__DUPLICATE_METHOD_MATCH = YES;
				CODE_SIGN_IDENTITY = "iPhone Developer";
				COPY_PHASE_STRIP = NO;
				DEBUG_INFORMATION_FORMAT = "dwarf-with-dsym";
				ENABLE_NS_ASSERTIONS = NO;
				ENABLE_STRICT_OBJC_MSGSEND = YES;
				GCC_C_LANGUAGE_STANDARD = gnu11;
				GCC_NO_COMMON_BLOCKS = YES;
				GCC_WARN_64_TO_32_BIT_CONVERSION = YES;
				GCC_WARN_ABOUT_RETURN_TYPE = YES_ERROR;
				GCC_WARN_UNDECLARED_SELECTOR = YES;
				GCC_WARN_UNINITIALIZED_AUTOS = YES_AGGRESSIVE;
				GCC_WARN_UNUSED_FUNCTION = YES;
				GCC_WARN_UNUSED_VARIABLE = YES;
				IPHONEOS_DEPLOYMENT_TARGET = 11.0;
				MTL_ENABLE_DEBUG_INFO = NO;
				MTL_FAST_MATH = YES;
				SDKROOT = iphoneos;
				SWIFT_COMPILATION_MODE = wholemodule;
				SWIFT_OPTIMIZATION_LEVEL = "-O";
				VALIDATE_PRODUCT = YES;
			};
			name = Release;
		};
		6151B2C62645079500FCC98D /* Debug */ = {
			isa = XCBuildConfiguration;
			buildSettings = {
				ASSETCATALOG_COMPILER_APPICON_NAME = AppIcon;
				CODE_SIGN_STYLE = Automatic;
				DEVELOPMENT_TEAM = VPRDFDG9GC;
				FRAMEWORK_SEARCH_PATHS = (
					"$(inherited)",
					"$(PROJECT_DIR)/SystemTest",
				);
				INFOPLIST_FILE = SystemTest/Info.plist;
				IPHONEOS_DEPLOYMENT_TARGET = 11.0;
				LD_RUNPATH_SEARCH_PATHS = (
					"$(inherited)",
					"@executable_path/Frameworks",
				);
				PRODUCT_BUNDLE_IDENTIFIER = com.cleanharbors.SystemTest;
				PRODUCT_NAME = "$(TARGET_NAME)";
				SWIFT_OBJC_BRIDGING_HEADER = "SystemTest/SysTest-Bridging-Header.h";
				SWIFT_VERSION = 5.0;
				TARGETED_DEVICE_FAMILY = "1,2";
			};
			name = Debug;
		};
		6151B2C72645079500FCC98D /* Release */ = {
			isa = XCBuildConfiguration;
			buildSettings = {
				ASSETCATALOG_COMPILER_APPICON_NAME = AppIcon;
				CODE_SIGN_STYLE = Automatic;
				DEVELOPMENT_TEAM = VPRDFDG9GC;
				FRAMEWORK_SEARCH_PATHS = (
					"$(inherited)",
					"$(PROJECT_DIR)/SystemTest",
				);
				INFOPLIST_FILE = SystemTest/Info.plist;
				IPHONEOS_DEPLOYMENT_TARGET = 11.0;
				LD_RUNPATH_SEARCH_PATHS = (
					"$(inherited)",
					"@executable_path/Frameworks",
				);
				PRODUCT_BUNDLE_IDENTIFIER = com.cleanharbors.SystemTest;
				PRODUCT_NAME = "$(TARGET_NAME)";
				SWIFT_OBJC_BRIDGING_HEADER = "SystemTest/SysTest-Bridging-Header.h";
				SWIFT_VERSION = 5.0;
				TARGETED_DEVICE_FAMILY = "1,2";
			};
			name = Release;
		};
		6151B2C92645079500FCC98D /* Debug */ = {
			isa = XCBuildConfiguration;
			buildSettings = {
				ALWAYS_EMBED_SWIFT_STANDARD_LIBRARIES = YES;
				BUNDLE_LOADER = "$(TEST_HOST)";
				CODE_SIGN_STYLE = Automatic;
				DEVELOPMENT_TEAM = VPRDFDG9GC;
				INFOPLIST_FILE = SystemTestTests/Info.plist;
				LD_RUNPATH_SEARCH_PATHS = (
					"$(inherited)",
					"@executable_path/Frameworks",
					"@loader_path/Frameworks",
				);
				PRODUCT_BUNDLE_IDENTIFIER = com.cleanharbors.SystemTestTests;
				PRODUCT_NAME = "$(TARGET_NAME)";
				SWIFT_VERSION = 5.0;
				TARGETED_DEVICE_FAMILY = "1,2";
				TEST_HOST = "$(BUILT_PRODUCTS_DIR)/SystemTest.app/SystemTest";
			};
			name = Debug;
		};
		6151B2CA2645079500FCC98D /* Release */ = {
			isa = XCBuildConfiguration;
			buildSettings = {
				ALWAYS_EMBED_SWIFT_STANDARD_LIBRARIES = YES;
				BUNDLE_LOADER = "$(TEST_HOST)";
				CODE_SIGN_STYLE = Automatic;
				DEVELOPMENT_TEAM = VPRDFDG9GC;
				INFOPLIST_FILE = SystemTestTests/Info.plist;
				LD_RUNPATH_SEARCH_PATHS = (
					"$(inherited)",
					"@executable_path/Frameworks",
					"@loader_path/Frameworks",
				);
				PRODUCT_BUNDLE_IDENTIFIER = com.cleanharbors.SystemTestTests;
				PRODUCT_NAME = "$(TARGET_NAME)";
				SWIFT_VERSION = 5.0;
				TARGETED_DEVICE_FAMILY = "1,2";
				TEST_HOST = "$(BUILT_PRODUCTS_DIR)/SystemTest.app/SystemTest";
			};
			name = Release;
		};
		6151B2CC2645079500FCC98D /* Debug */ = {
			isa = XCBuildConfiguration;
			buildSettings = {
				ALWAYS_EMBED_SWIFT_STANDARD_LIBRARIES = YES;
				CODE_SIGN_STYLE = Automatic;
				DEVELOPMENT_TEAM = VPRDFDG9GC;
				INFOPLIST_FILE = SystemTestUITests/Info.plist;
				LD_RUNPATH_SEARCH_PATHS = (
					"$(inherited)",
					"@executable_path/Frameworks",
					"@loader_path/Frameworks",
				);
				PRODUCT_BUNDLE_IDENTIFIER = com.cleanharbors.SystemTestUITests;
				PRODUCT_NAME = "$(TARGET_NAME)";
				SWIFT_VERSION = 5.0;
				TARGETED_DEVICE_FAMILY = "1,2";
				TEST_TARGET_NAME = SystemTest;
			};
			name = Debug;
		};
		6151B2CD2645079500FCC98D /* Release */ = {
			isa = XCBuildConfiguration;
			buildSettings = {
				ALWAYS_EMBED_SWIFT_STANDARD_LIBRARIES = YES;
				CODE_SIGN_STYLE = Automatic;
				DEVELOPMENT_TEAM = VPRDFDG9GC;
				INFOPLIST_FILE = SystemTestUITests/Info.plist;
				LD_RUNPATH_SEARCH_PATHS = (
					"$(inherited)",
					"@executable_path/Frameworks",
					"@loader_path/Frameworks",
				);
				PRODUCT_BUNDLE_IDENTIFIER = com.cleanharbors.SystemTestUITests;
				PRODUCT_NAME = "$(TARGET_NAME)";
				SWIFT_VERSION = 5.0;
				TARGETED_DEVICE_FAMILY = "1,2";
				TEST_TARGET_NAME = SystemTest;
			};
			name = Release;
		};
/* End XCBuildConfiguration section */

/* Begin XCConfigurationList section */
		6151B2982645079400FCC98D /* Build configuration list for PBXProject "SystemTest" */ = {
			isa = XCConfigurationList;
			buildConfigurations = (
				6151B2C32645079500FCC98D /* Debug */,
				6151B2C42645079500FCC98D /* Release */,
			);
			defaultConfigurationIsVisible = 0;
			defaultConfigurationName = Release;
		};
		6151B2C52645079500FCC98D /* Build configuration list for PBXNativeTarget "SystemTest" */ = {
			isa = XCConfigurationList;
			buildConfigurations = (
				6151B2C62645079500FCC98D /* Debug */,
				6151B2C72645079500FCC98D /* Release */,
			);
			defaultConfigurationIsVisible = 0;
			defaultConfigurationName = Release;
		};
		6151B2C82645079500FCC98D /* Build configuration list for PBXNativeTarget "SystemTestTests" */ = {
			isa = XCConfigurationList;
			buildConfigurations = (
				6151B2C92645079500FCC98D /* Debug */,
				6151B2CA2645079500FCC98D /* Release */,
			);
			defaultConfigurationIsVisible = 0;
			defaultConfigurationName = Release;
		};
		6151B2CB2645079500FCC98D /* Build configuration list for PBXNativeTarget "SystemTestUITests" */ = {
			isa = XCConfigurationList;
			buildConfigurations = (
				6151B2CC2645079500FCC98D /* Debug */,
				6151B2CD2645079500FCC98D /* Release */,
			);
			defaultConfigurationIsVisible = 0;
			defaultConfigurationName = Release;
		};
/* End XCConfigurationList section */
	};
	rootObject = 6151B2952645079400FCC98D /* Project object */;
}
